
Microsoft Visual Studio Solution File, Format Version 12.00
# Visual Studio 14
VisualStudioVersion = 14.0.25420.1
MinimumVisualStudioVersion = 10.0.40219.1
Project("{FAE04EC0-301F-11D3-BF4B-00C04F79EFBC}") = "Calc2", "Calc2\Calc2.csproj", "{66F00DF1-E082-4D0E-9780-0D40AD798B5A}"
EndProject
Project("{FAE04EC0-301F-11D3-BF4B-00C04F79EFBC}") = "CalcLang", "CalcLang\CalcLang.csproj", "{BE672E73-7B1B-4C63-AABE-89F711A2126C}"
EndProject
Project("{FAE04EC0-301F-11D3-BF4B-00C04F79EFBC}") = "Base", "Base\Base.csproj", "{B177983C-2D24-4571-A300-358F948EB9DD}"
EndProject
Global
	GlobalSection(SolutionConfigurationPlatforms) = preSolution
		Debug|Any CPU = Debug|Any CPU
		Release|Any CPU = Release|Any CPU
	EndGlobalSection
	GlobalSection(ProjectConfigurationPlatforms) = postSolution
		{66F00DF1-E082-4D0E-9780-0D40AD798B5A}.Debug|Any CPU.ActiveCfg = Debug|Any CPU
		{66F00DF1-E082-4D0E-9780-0D40AD798B5A}.Debug|Any CPU.Build.0 = Debug|Any CPU
		{66F00DF1-E082-4D0E-9780-0D40AD798B5A}.Release|Any CPU.ActiveCfg = Release|Any CPU
		{66F00DF1-E082-4D0E-9780-0D40AD798B5A}.Release|Any CPU.Build.0 = Release|Any CPU
		{BE672E73-7B1B-4C63-AABE-89F711A2126C}.Debug|Any CPU.ActiveCfg = Debug|Any CPU
		{BE672E73-7B1B-4C63-AABE-89F711A2126C}.Debug|Any CPU.Build.0 = Debug|Any CPU
		{BE672E73-7B1B-4C63-AABE-89F711A2126C}.Release|Any CPU.ActiveCfg = Release|Any CPU
		{BE672E73-7B1B-4C63-AABE-89F711A2126C}.Release|Any CPU.Build.0 = Release|Any CPU
		{B177983C-2D24-4571-A300-358F948EB9DD}.Debug|Any CPU.ActiveCfg = Debug|Any CPU
		{B177983C-2D24-4571-A300-358F948EB9DD}.Debug|Any CPU.Build.0 = Debug|Any CPU
		{B177983C-2D24-4571-A300-358F948EB9DD}.Release|Any CPU.ActiveCfg = Release|Any CPU
		{B177983C-2D24-4571-A300-358F948EB9DD}.Release|Any CPU.Build.0 = Release|Any CPU
	EndGlobalSection
	GlobalSection(SolutionProperties) = preSolution
		HideSolutionNode = FALSE
	EndGlobalSection
EndGlobal
